
Microsoft Visual Studio Solution File, Format Version 12.00
# Visual Studio Version 17
VisualStudioVersion = 17.13.35825.156 d17.13
MinimumVisualStudioVersion = 10.0.40219.1
Project("{FAE04EC0-301F-11D3-BF4B-00C04F79EFBC}") = "projektbazydanych", "projektbazydanych\projektbazydanych.csproj", "{F956BF36-33A6-4035-9CB1-B368B75D04EA}"
EndProject
Global
	GlobalSection(SolutionConfigurationPlatforms) = preSolution
		Debug|Any CPU = Debug|Any CPU
		Release|Any CPU = Release|Any CPU
	EndGlobalSection
	GlobalSection(ProjectConfigurationPlatforms) = postSolution
		{F956BF36-33A6-4035-9CB1-B368B75D04EA}.Debug|Any CPU.ActiveCfg = Debug|Any CPU
		{F956BF36-33A6-4035-9CB1-B368B75D04EA}.Debug|Any CPU.Build.0 = Debug|Any CPU
		{F956BF36-33A6-4035-9CB1-B368B75D04EA}.Release|Any CPU.ActiveCfg = Release|Any CPU
		{F956BF36-33A6-4035-9CB1-B368B75D04EA}.Release|Any CPU.Build.0 = Release|Any CPU
	EndGlobalSection
	GlobalSection(SolutionProperties) = preSolution
		HideSolutionNode = FALSE
	EndGlobalSection
	GlobalSection(ExtensibilityGlobals) = postSolution
		SolutionGuid = {84B369FF-E139-44BC-8281-4533A9423C80}
	EndGlobalSection
EndGlobal
